<?xml version="1.0" encoding="utf-8"?>
<Project ToolsVersion="4.0" xmlns="http://schemas.microsoft.com/developer/msbuild/2003">
  <ItemGroup>
    <Filter Include="Source Files">
      <UniqueIdentifier>{4FC737F1-C7A5-4376-A066-2A32D752A2FF}</UniqueIdentifier>
      <Extensions>cpp;c;cc;cxx;c++;cppm;ixx;def;odl;idl;hpj;bat;asm;asmx</Extensions>
    </Filter>
    <Filter Include="Header Files">
      <UniqueIdentifier>{93995380-89BD-4b04-88EB-625FBE52EBFB}</UniqueIdentifier>
      <Extensions>h;hh;hpp;hxx;h++;hm;inl;inc;ipp;xsd</Extensions>
    </Filter>
    <Filter Include="Resource Files">
      <UniqueIdentifier>{67DA6AB6-F800-4c08-8B7A-83BB121AAD01}</UniqueIdentifier>
      <Extensions>rc;ico;cur;bmp;dlg;rc2;rct;bin;rgs;gif;jpg;jpeg;jpe;resx;tiff;tif;png;wav;mfcribbon-ms</Extensions>
    </Filter>
  </ItemGroup>
  <ItemGroup>
    <None Include="packages.config" />
    <None Include="data\audio\background.ogg" />
  </ItemGroup>
  <ItemGroup>
    <ClCompile Include="main.cpp">
      <Filter>Source Files</Filter>
    </ClCompile>
    <ClCompile Include="src\Entities\Entity\Entity.cpp">
      <Filter>Source Files</Filter>
    </ClCompile>
    <ClCompile Include="src\Entities\Cat\Cat.cpp">
      <Filter>Source Files</Filter>
    </ClCompile>
    <ClCompile Include="src\Entities\Heart\Heart.cpp">
      <Filter>Source Files</Filter>
    </ClCompile>
    <ClCompile Include="src\Application\Application.cpp">
      <Filter>Source Files</Filter>
    </ClCompile>
    <ClCompile Include="src\Entities\TextParticleSystem\TextParticleSystem.cpp">
      <Filter>Source Files</Filter>
    </ClCompile>
    <ClCompile Include="src\Tools\EventManager\EventManager.cpp">
      <Filter>Source Files</Filter>
    </ClCompile>
    <ClCompile Include="src\Tools\FileReader\FileReader.cpp">
      <Filter>Source Files</Filter>
    </ClCompile>
    <ClCompile Include="src\Utilities\ResourceHolder\ResourceHolder.cpp">
      <Filter>Source Files</Filter>
    </ClCompile>
    <ClCompile Include="src\Utilities\Context\Context.cpp">
      <Filter>Source Files</Filter>
    </ClCompile>
    <ClCompile Include="src\Application\States\State\State.cpp">
      <Filter>Source Files</Filter>
    </ClCompile>
    <ClCompile Include="src\Application\States\StateStack\StateStack.cpp">
      <Filter>Source Files</Filter>
    </ClCompile>
    <ClCompile Include="src\Application\States\GameState\GameState.cpp">
      <Filter>Source Files</Filter>
    </ClCompile>
    <ClCompile Include="src\Application\States\LoadState\LoadState.cpp">
      <Filter>Source Files</Filter>
    </ClCompile>
    <ClCompile Include="src\Entities\ProgressBar\ProgressBar.cpp">
      <Filter>Source Files</Filter>
    </ClCompile>
  </ItemGroup>
  <ItemGroup>
    <Image Include="data\textures\cat\1.png">
      <Filter>Resource Files</Filter>
    </Image>
    <Image Include="data\textures\cat\2.png">
      <Filter>Resource Files</Filter>
    </Image>
    <Image Include="data\textures\cat\3.png">
      <Filter>Resource Files</Filter>
    </Image>
    <Image Include="data\textures\cat\4.png">
      <Filter>Resource Files</Filter>
    </Image>
    <Image Include="data\textures\cat\5.png">
      <Filter>Resource Files</Filter>
    </Image>
    <Image Include="data\textures\cat\6.png">
      <Filter>Resource Files</Filter>
    </Image>
    <Image Include="data\textures\heart\heart.png">
      <Filter>Resource Files</Filter>
    </Image>
    <Image Include="data\icon\heart.png">
      <Filter>Resource Files</Filter>
    </Image>
    <Image Include="data\textures\progressBar\1.png">
      <Filter>Resource Files</Filter>
    </Image>
    <Image Include="data\textures\progressBar\10.png">
      <Filter>Resource Files</Filter>
    </Image>
    <Image Include="data\textures\progressBar\2.png">
      <Filter>Resource Files</Filter>
    </Image>
    <Image Include="data\textures\progressBar\3.png">
      <Filter>Resource Files</Filter>
    </Image>
    <Image Include="data\textures\progressBar\4.png">
      <Filter>Resource Files</Filter>
    </Image>
    <Image Include="data\textures\progressBar\5.png">
      <Filter>Resource Files</Filter>
    </Image>
    <Image Include="data\textures\progressBar\6.png">
      <Filter>Resource Files</Filter>
    </Image>
    <Image Include="data\textures\progressBar\7.png">
      <Filter>Resource Files</Filter>
    </Image>
    <Image Include="data\textures\progressBar\8.png">
      <Filter>Resource Files</Filter>
    </Image>
    <Image Include="data\textures\progressBar\9.png">
      <Filter>Resource Files</Filter>
    </Image>
  </ItemGroup>
  <ItemGroup>
    <ClInclude Include="src\Entities\Entity\Entity.h">
      <Filter>Header Files</Filter>
    </ClInclude>
    <ClInclude Include="src\Entities\Cat\Cat.h">
      <Filter>Header Files</Filter>
    </ClInclude>
    <ClInclude Include="src\Entities\Heart\Heart.h">
      <Filter>Header Files</Filter>
    </ClInclude>
    <ClInclude Include="src\Application\Application.h">
      <Filter>Header Files</Filter>
    </ClInclude>
    <ClInclude Include="src\Entities\TextParticleSystem\TextParticleSystem.h">
      <Filter>Header Files</Filter>
    </ClInclude>
    <ClInclude Include="src\Tools\Range.h">
      <Filter>Header Files</Filter>
    </ClInclude>
    <ClInclude Include="src\Tools\Random.h">
      <Filter>Header Files</Filter>
    </ClInclude>
    <ClInclude Include="src\Enums\KeyActions.h">
      <Filter>Header Files</Filter>
    </ClInclude>
    <ClInclude Include="src\Tools\EventManager\EventManager.h">
      <Filter>Header Files</Filter>
    </ClInclude>
    <ClInclude Include="src\Tools\FileReader\FileReader.h">
      <Filter>Header Files</Filter>
    </ClInclude>
    <ClInclude Include="src\Utilities\ResourceHolder\ResourceHolder.h">
      <Filter>Header Files</Filter>
    </ClInclude>
    <ClInclude Include="src\Enums\TextureID.h">
      <Filter>Header Files</Filter>
    </ClInclude>
    <ClInclude Include="src\Utilities\Holders.h">
      <Filter>Header Files</Filter>
    </ClInclude>
    <ClInclude Include="src\Enums\FontID.h">
      <Filter>Header Files</Filter>
    </ClInclude>
    <ClInclude Include="src\Utilities\Context\Context.h">
      <Filter>Header Files</Filter>
    </ClInclude>
    <ClInclude Include="src\Application\States\State\State.h">
      <Filter>Header Files</Filter>
    </ClInclude>
    <ClInclude Include="src\Enums\StateID.h">
      <Filter>Header Files</Filter>
    </ClInclude>
    <ClInclude Include="src\Application\States\StateStack\StateStack.h">
      <Filter>Header Files</Filter>
    </ClInclude>
    <ClInclude Include="src\Application\States\GameState\GameState.h">
      <Filter>Header Files</Filter>
    </ClInclude>
    <ClInclude Include="src\Application\States\LoadState\LoadState.h">
      <Filter>Header Files</Filter>
    </ClInclude>
    <ClInclude Include="src\Entities\ProgressBar\ProgressBar.h">
      <Filter>Header Files</Filter>
    </ClInclude>
  </ItemGroup>
  <ItemGroup>
    <Font Include="data\fonts\Lemon-Regular.ttf" />
  </ItemGroup>
  <ItemGroup>
    <Text Include="data\texts\labels.txt" />
  </ItemGroup>
</Project>